// !$*UTF8*$!
{
	archiveVersion = 1;
	classes = {
	};
	objectVersion = 51;
	objects = {

/* Begin PBXBuildFile section */
		3F0115D92472B3AE0050ED7F /* ListViewController.swift in Sources */ = {isa = PBXBuildFile; fileRef = 3F0115D82472B3AE0050ED7F /* ListViewController.swift */; };
		3F0115DB2472E4270050ED7F /* findCaffeController.swift in Sources */ = {isa = PBXBuildFile; fileRef = 3F0115DA2472E4270050ED7F /* findCaffeController.swift */; };
		3F0115DF247304F80050ED7F /* AboutController.swift in Sources */ = {isa = PBXBuildFile; fileRef = 3F0115DE247304F80050ED7F /* AboutController.swift */; };
		3F1EA4962492A1C200DF7789 /* CoffeViewController.swift in Sources */ = {isa = PBXBuildFile; fileRef = 3F1EA4952492A1C200DF7789 /* CoffeViewController.swift */; };
		3F26C903246B12D5005464B1 /* coffee.png in Resources */ = {isa = PBXBuildFile; fileRef = 3F26C902246B12D4005464B1 /* coffee.png */; };
		3F26C905246C0DE3005464B1 /* Utilities.swift in Sources */ = {isa = PBXBuildFile; fileRef = 3F26C904246C0DE3005464B1 /* Utilities.swift */; };
		3F34C5A6246AEDFB000E59CF /* AppDelegate.swift in Sources */ = {isa = PBXBuildFile; fileRef = 3F34C5A5246AEDFB000E59CF /* AppDelegate.swift */; };
		3F34C5A8246AEDFB000E59CF /* SceneDelegate.swift in Sources */ = {isa = PBXBuildFile; fileRef = 3F34C5A7246AEDFB000E59CF /* SceneDelegate.swift */; };
		3F34C5AA246AEDFB000E59CF /* ViewController.swift in Sources */ = {isa = PBXBuildFile; fileRef = 3F34C5A9246AEDFB000E59CF /* ViewController.swift */; };
		3F34C5AD246AEDFB000E59CF /* Main.storyboard in Resources */ = {isa = PBXBuildFile; fileRef = 3F34C5AB246AEDFB000E59CF /* Main.storyboard */; };
		3F34C5AF246AEDFC000E59CF /* Assets.xcassets in Resources */ = {isa = PBXBuildFile; fileRef = 3F34C5AE246AEDFC000E59CF /* Assets.xcassets */; };
		3F34C5B2246AEDFC000E59CF /* LaunchScreen.storyboard in Resources */ = {isa = PBXBuildFile; fileRef = 3F34C5B0246AEDFC000E59CF /* LaunchScreen.storyboard */; };
		3F34C5BA246AF0DF000E59CF /* SignUpViewController.swift in Sources */ = {isa = PBXBuildFile; fileRef = 3F34C5B9246AF0DF000E59CF /* SignUpViewController.swift */; };
		3F34C5BC246AF115000E59CF /* HomeController.swift in Sources */ = {isa = PBXBuildFile; fileRef = 3F34C5BB246AF115000E59CF /* HomeController.swift */; };
		3F34C5BE246AF125000E59CF /* LoginViewController.swift in Sources */ = {isa = PBXBuildFile; fileRef = 3F34C5BD246AF125000E59CF /* LoginViewController.swift */; };
		3F8335782471A3AB001A13EA /* Constants.swift in Sources */ = {isa = PBXBuildFile; fileRef = 3F8335772471A3AB001A13EA /* Constants.swift */; };
		3FB306B2246C166D00371AD1 /* GoogleService-Info.plist in Resources */ = {isa = PBXBuildFile; fileRef = 3FB306B1246C166D00371AD1 /* GoogleService-Info.plist */; };
		3FB6AE3324744C1D00BB5D93 /* addCoffeeControler.swift in Sources */ = {isa = PBXBuildFile; fileRef = 3FB6AE3224744C1D00BB5D93 /* addCoffeeControler.swift */; };
		3FD8C9A02494F2DC004FCA05 /* MyCoffee.swift in Sources */ = {isa = PBXBuildFile; fileRef = 3FD8C99F2494F2DC004FCA05 /* MyCoffee.swift */; };
		AF7EA8E9518661D22F1C775F /* Pods_ICoffee.framework in Frameworks */ = {isa = PBXBuildFile; fileRef = 77C19CB70CE644247D50202B /* Pods_ICoffee.framework */; };
/* End PBXBuildFile section */

/* Begin PBXFileReference section */
		2E129BDE78F692AAFFD23E1E /* Pods-ICoffee.release.xcconfig */ = {isa = PBXFileReference; includeInIndex = 1; lastKnownFileType = text.xcconfig; name = "Pods-ICoffee.release.xcconfig"; path = "Target Support Files/Pods-ICoffee/Pods-ICoffee.release.xcconfig"; sourceTree = "<group>"; };
		3E3F0BC4FDC32F50E8B413BA /* Pods-ICoffee.debug.xcconfig */ = {isa = PBXFileReference; includeInIndex = 1; lastKnownFileType = text.xcconfig; name = "Pods-ICoffee.debug.xcconfig"; path = "Target Support Files/Pods-ICoffee/Pods-ICoffee.debug.xcconfig"; sourceTree = "<group>"; };
		3F0115D82472B3AE0050ED7F /* ListViewController.swift */ = {isa = PBXFileReference; lastKnownFileType = sourcecode.swift; path = ListViewController.swift; sourceTree = "<group>"; };
		3F0115DA2472E4270050ED7F /* findCaffeController.swift */ = {isa = PBXFileReference; lastKnownFileType = sourcecode.swift; path = findCaffeController.swift; sourceTree = "<group>"; };
		3F0115DE247304F80050ED7F /* AboutController.swift */ = {isa = PBXFileReference; fileEncoding = 4; lastKnownFileType = sourcecode.swift; path = AboutController.swift; sourceTree = "<group>"; };
		3F1EA4952492A1C200DF7789 /* CoffeViewController.swift */ = {isa = PBXFileReference; lastKnownFileType = sourcecode.swift; path = CoffeViewController.swift; sourceTree = "<group>"; };
		3F26C902246B12D4005464B1 /* coffee.png */ = {isa = PBXFileReference; lastKnownFileType = image.png; path = coffee.png; sourceTree = "<group>"; };
		3F26C904246C0DE3005464B1 /* Utilities.swift */ = {isa = PBXFileReference; lastKnownFileType = sourcecode.swift; path = Utilities.swift; sourceTree = "<group>"; };
		3F34C5A2246AEDFB000E59CF /* ICoffee.app */ = {isa = PBXFileReference; explicitFileType = wrapper.application; includeInIndex = 0; path = ICoffee.app; sourceTree = BUILT_PRODUCTS_DIR; };
		3F34C5A5246AEDFB000E59CF /* AppDelegate.swift */ = {isa = PBXFileReference; lastKnownFileType = sourcecode.swift; path = AppDelegate.swift; sourceTree = "<group>"; };
		3F34C5A7246AEDFB000E59CF /* SceneDelegate.swift */ = {isa = PBXFileReference; lastKnownFileType = sourcecode.swift; path = SceneDelegate.swift; sourceTree = "<group>"; };
		3F34C5A9246AEDFB000E59CF /* ViewController.swift */ = {isa = PBXFileReference; lastKnownFileType = sourcecode.swift; path = ViewController.swift; sourceTree = "<group>"; };
		3F34C5AC246AEDFB000E59CF /* Base */ = {isa = PBXFileReference; lastKnownFileType = file.storyboard; name = Base; path = Base.lproj/Main.storyboard; sourceTree = "<group>"; };
		3F34C5AE246AEDFC000E59CF /* Assets.xcassets */ = {isa = PBXFileReference; lastKnownFileType = folder.assetcatalog; path = Assets.xcassets; sourceTree = "<group>"; };
		3F34C5B1246AEDFC000E59CF /* Base */ = {isa = PBXFileReference; lastKnownFileType = file.storyboard; name = Base; path = Base.lproj/LaunchScreen.storyboard; sourceTree = "<group>"; };
		3F34C5B3246AEDFC000E59CF /* Info.plist */ = {isa = PBXFileReference; lastKnownFileType = text.plist.xml; path = Info.plist; sourceTree = "<group>"; };
		3F34C5B9246AF0DF000E59CF /* SignUpViewController.swift */ = {isa = PBXFileReference; lastKnownFileType = sourcecode.swift; path = SignUpViewController.swift; sourceTree = "<group>"; };
		3F34C5BB246AF115000E59CF /* HomeController.swift */ = {isa = PBXFileReference; lastKnownFileType = sourcecode.swift; path = HomeController.swift; sourceTree = "<group>"; };
		3F34C5BD246AF125000E59CF /* LoginViewController.swift */ = {isa = PBXFileReference; lastKnownFileType = sourcecode.swift; path = LoginViewController.swift; sourceTree = "<group>"; };
		3F8335772471A3AB001A13EA /* Constants.swift */ = {isa = PBXFileReference; lastKnownFileType = sourcecode.swift; path = Constants.swift; sourceTree = "<group>"; };
		3FB306B1246C166D00371AD1 /* GoogleService-Info.plist */ = {isa = PBXFileReference; fileEncoding = 4; lastKnownFileType = text.plist.xml; path = "GoogleService-Info.plist"; sourceTree = "<group>"; };
		3FB6AE3224744C1D00BB5D93 /* addCoffeeControler.swift */ = {isa = PBXFileReference; lastKnownFileType = sourcecode.swift; path = addCoffeeControler.swift; sourceTree = "<group>"; };
		3FD8C99F2494F2DC004FCA05 /* MyCoffee.swift */ = {isa = PBXFileReference; lastKnownFileType = sourcecode.swift; path = MyCoffee.swift; sourceTree = "<group>"; };
		77C19CB70CE644247D50202B /* Pods_ICoffee.framework */ = {isa = PBXFileReference; explicitFileType = wrapper.framework; includeInIndex = 0; path = Pods_ICoffee.framework; sourceTree = BUILT_PRODUCTS_DIR; };
/* End PBXFileReference section */

/* Begin PBXFrameworksBuildPhase section */
		3F34C59F246AEDFB000E59CF /* Frameworks */ = {
			isa = PBXFrameworksBuildPhase;
			buildActionMask = 2147483647;
			files = (
				AF7EA8E9518661D22F1C775F /* Pods_ICoffee.framework in Frameworks */,
			);
			runOnlyForDeploymentPostprocessing = 0;
		};
/* End PBXFrameworksBuildPhase section */

/* Begin PBXGroup section */
		04FBED5A4240A23C7724D62F /* Frameworks */ = {
			isa = PBXGroup;
			children = (
				77C19CB70CE644247D50202B /* Pods_ICoffee.framework */,
			);
			name = Frameworks;
			sourceTree = "<group>";
		};
		3F26C901246B1130005464B1 /* Pictures */ = {
			isa = PBXGroup;
			children = (
				3F26C902246B12D4005464B1 /* coffee.png */,
			);
			path = Pictures;
			sourceTree = "<group>";
		};
		3F34C599246AEDFB000E59CF = {
			isa = PBXGroup;
			children = (
				3F34C5A4246AEDFB000E59CF /* ICoffee */,
				3F34C5A3246AEDFB000E59CF /* Products */,
				FE6BDA6FB6B2C51491513839 /* Pods */,
				04FBED5A4240A23C7724D62F /* Frameworks */,
			);
			sourceTree = "<group>";
		};
		3F34C5A3246AEDFB000E59CF /* Products */ = {
			isa = PBXGroup;
			children = (
				3F34C5A2246AEDFB000E59CF /* ICoffee.app */,
			);
			name = Products;
			sourceTree = "<group>";
		};
		3F34C5A4246AEDFB000E59CF /* ICoffee */ = {
			isa = PBXGroup;
			children = (
				3F26C901246B1130005464B1 /* Pictures */,
				3F34C5A5246AEDFB000E59CF /* AppDelegate.swift */,
				3F34C5A7246AEDFB000E59CF /* SceneDelegate.swift */,
				3FF538F4246AFAD300A0F621 /* Utilities */,
				3F34C5BF246AF146000E59CF /* Views */,
				3F34C5AB246AEDFB000E59CF /* Main.storyboard */,
				3F34C5AE246AEDFC000E59CF /* Assets.xcassets */,
				3F34C5B0246AEDFC000E59CF /* LaunchScreen.storyboard */,
				3F34C5B3246AEDFC000E59CF /* Info.plist */,
				3FB306B1246C166D00371AD1 /* GoogleService-Info.plist */,
			);
			path = ICoffee;
			sourceTree = "<group>";
		};
		3F34C5BF246AF146000E59CF /* Views */ = {
			isa = PBXGroup;
			children = (
				3F34C5B9246AF0DF000E59CF /* SignUpViewController.swift */,
				3F34C5A9246AEDFB000E59CF /* ViewController.swift */,
				3F34C5BD246AF125000E59CF /* LoginViewController.swift */,
				3F34C5BB246AF115000E59CF /* HomeController.swift */,
				3FB6AE3224744C1D00BB5D93 /* addCoffeeControler.swift */,
				3F0115D82472B3AE0050ED7F /* ListViewController.swift */,
				3F1EA4952492A1C200DF7789 /* CoffeViewController.swift */,
				3F0115DA2472E4270050ED7F /* findCaffeController.swift */,
				3F0115DE247304F80050ED7F /* AboutController.swift */,
				3FD8C99F2494F2DC004FCA05 /* MyCoffee.swift */,
			);
			path = Views;
			sourceTree = "<group>";
		};
		3FF538F4246AFAD300A0F621 /* Utilities */ = {
			isa = PBXGroup;
			children = (
				3F26C904246C0DE3005464B1 /* Utilities.swift */,
				3F8335772471A3AB001A13EA /* Constants.swift */,
			);
			path = Utilities;
			sourceTree = "<group>";
		};
		FE6BDA6FB6B2C51491513839 /* Pods */ = {
			isa = PBXGroup;
			children = (
				3E3F0BC4FDC32F50E8B413BA /* Pods-ICoffee.debug.xcconfig */,
				2E129BDE78F692AAFFD23E1E /* Pods-ICoffee.release.xcconfig */,
			);
			path = Pods;
			sourceTree = "<group>";
		};
/* End PBXGroup section */

/* Begin PBXNativeTarget section */
		3F34C5A1246AEDFB000E59CF /* ICoffee */ = {
			isa = PBXNativeTarget;
			buildConfigurationList = 3F34C5B6246AEDFC000E59CF /* Build configuration list for PBXNativeTarget "ICoffee" */;
			buildPhases = (
				E385E69140FBEBAF0F510185 /* [CP] Check Pods Manifest.lock */,
				3F34C59E246AEDFB000E59CF /* Sources */,
				3F34C59F246AEDFB000E59CF /* Frameworks */,
				3F34C5A0246AEDFB000E59CF /* Resources */,
				8B49837DE19A836E3CFD37CD /* [CP] Embed Pods Frameworks */,
			);
			buildRules = (
			);
			dependencies = (
			);
			name = ICoffee;
			productName = ICoffee;
			productReference = 3F34C5A2246AEDFB000E59CF /* ICoffee.app */;
			productType = "com.apple.product-type.application";
		};
/* End PBXNativeTarget section */

/* Begin PBXProject section */
		3F34C59A246AEDFB000E59CF /* Project object */ = {
			isa = PBXProject;
			attributes = {
				LastSwiftUpdateCheck = 1140;
				LastUpgradeCheck = 1140;
				ORGANIZATIONNAME = student;
				TargetAttributes = {
					3F34C5A1246AEDFB000E59CF = {
						CreatedOnToolsVersion = 11.4.1;
					};
				};
			};
			buildConfigurationList = 3F34C59D246AEDFB000E59CF /* Build configuration list for PBXProject "ICoffee" */;
			compatibilityVersion = "Xcode 9.3";
			developmentRegion = en;
			hasScannedForEncodings = 0;
			knownRegions = (
				en,
				Base,
			);
			mainGroup = 3F34C599246AEDFB000E59CF;
			productRefGroup = 3F34C5A3246AEDFB000E59CF /* Products */;
			projectDirPath = "";
			projectRoot = "";
			targets = (
				3F34C5A1246AEDFB000E59CF /* ICoffee */,
			);
		};
/* End PBXProject section */

/* Begin PBXResourcesBuildPhase section */
		3F34C5A0246AEDFB000E59CF /* Resources */ = {
			isa = PBXResourcesBuildPhase;
			buildActionMask = 2147483647;
			files = (
				3F34C5B2246AEDFC000E59CF /* LaunchScreen.storyboard in Resources */,
				3F26C903246B12D5005464B1 /* coffee.png in Resources */,
				3FB306B2246C166D00371AD1 /* GoogleService-Info.plist in Resources */,
				3F34C5AF246AEDFC000E59CF /* Assets.xcassets in Resources */,
				3F34C5AD246AEDFB000E59CF /* Main.storyboard in Resources */,
			);
			runOnlyForDeploymentPostprocessing = 0;
		};
/* End PBXResourcesBuildPhase section */

/* Begin PBXShellScriptBuildPhase section */
		8B49837DE19A836E3CFD37CD /* [CP] Embed Pods Frameworks */ = {
			isa = PBXShellScriptBuildPhase;
			buildActionMask = 2147483647;
			files = (
			);
			inputFileListPaths = (
				"${PODS_ROOT}/Target Support Files/Pods-ICoffee/Pods-ICoffee-frameworks-${CONFIGURATION}-input-files.xcfilelist",
			);
			name = "[CP] Embed Pods Frameworks";
			outputFileListPaths = (
				"${PODS_ROOT}/Target Support Files/Pods-ICoffee/Pods-ICoffee-frameworks-${CONFIGURATION}-output-files.xcfilelist",
			);
			runOnlyForDeploymentPostprocessing = 0;
			shellPath = /bin/sh;
			shellScript = "\"${PODS_ROOT}/Target Support Files/Pods-ICoffee/Pods-ICoffee-frameworks.sh\"\n";
			showEnvVarsInLog = 0;
		};
		E385E69140FBEBAF0F510185 /* [CP] Check Pods Manifest.lock */ = {
			isa = PBXShellScriptBuildPhase;
			buildActionMask = 2147483647;
			files = (
			);
			inputFileListPaths = (
			);
			inputPaths = (
				"${PODS_PODFILE_DIR_PATH}/Podfile.lock",
				"${PODS_ROOT}/Manifest.lock",
			);
			name = "[CP] Check Pods Manifest.lock";
			outputFileListPaths = (
			);
			outputPaths = (
				"$(DERIVED_FILE_DIR)/Pods-ICoffee-checkManifestLockResult.txt",
			);
			runOnlyForDeploymentPostprocessing = 0;
			shellPath = /bin/sh;
			shellScript = "diff \"${PODS_PODFILE_DIR_PATH}/Podfile.lock\" \"${PODS_ROOT}/Manifest.lock\" > /dev/null\nif [ $? != 0 ] ; then\n    # print error to STDERR\n    echo \"error: The sandbox is not in sync with the Podfile.lock. Run 'pod install' or update your CocoaPods installation.\" >&2\n    exit 1\nfi\n# This output is used by Xcode 'outputs' to avoid re-running this script phase.\necho \"SUCCESS\" > \"${SCRIPT_OUTPUT_FILE_0}\"\n";
			showEnvVarsInLog = 0;
		};
/* End PBXShellScriptBuildPhase section */

/* Begin PBXSourcesBuildPhase section */
		3F34C59E246AEDFB000E59CF /* Sources */ = {
			isa = PBXSourcesBuildPhase;
			buildActionMask = 2147483647;
			files = (
				3FB6AE3324744C1D00BB5D93 /* addCoffeeControler.swift in Sources */,
				3F34C5BE246AF125000E59CF /* LoginViewController.swift in Sources */,
				3F34C5AA246AEDFB000E59CF /* ViewController.swift in Sources */,
				3F26C905246C0DE3005464B1 /* Utilities.swift in Sources */,
				3F34C5A6246AEDFB000E59CF /* AppDelegate.swift in Sources */,
				3F0115DB2472E4270050ED7F /* findCaffeController.swift in Sources */,
				3F34C5BA246AF0DF000E59CF /* SignUpViewController.swift in Sources */,
				3FD8C9A02494F2DC004FCA05 /* MyCoffee.swift in Sources */,
				3F1EA4962492A1C200DF7789 /* CoffeViewController.swift in Sources */,
				3F0115D92472B3AE0050ED7F /* ListViewController.swift in Sources */,
				3F34C5A8246AEDFB000E59CF /* SceneDelegate.swift in Sources */,
				3F34C5BC246AF115000E59CF /* HomeController.swift in Sources */,
				3F8335782471A3AB001A13EA /* Constants.swift in Sources */,
				3F0115DF247304F80050ED7F /* AboutController.swift in Sources */,
			);
			runOnlyForDeploymentPostprocessing = 0;
		};
/* End PBXSourcesBuildPhase section */

/* Begin PBXVariantGroup section */
		3F34C5AB246AEDFB000E59CF /* Main.storyboard */ = {
			isa = PBXVariantGroup;
			children = (
				3F34C5AC246AEDFB000E59CF /* Base */,
			);
			name = Main.storyboard;
			sourceTree = "<group>";
		};
		3F34C5B0246AEDFC000E59CF /* LaunchScreen.storyboard */ = {
			isa = PBXVariantGroup;
			children = (
				3F34C5B1246AEDFC000E59CF /* Base */,
			);
			name = LaunchScreen.storyboard;
			sourceTree = "<group>";
		};
/* End PBXVariantGroup section */

/* Begin XCBuildConfiguration section */
		3F34C5B4246AEDFC000E59CF /* Debug */ = {
			isa = XCBuildConfiguration;
			buildSettings = {
				ALWAYS_SEARCH_USER_PATHS = NO;
				CLANG_ANALYZER_NONNULL = YES;
				CLANG_ANALYZER_NUMBER_OBJECT_CONVERSION = YES_AGGRESSIVE;
				CLANG_CXX_LANGUAGE_STANDARD = "gnu++14";
				CLANG_CXX_LIBRARY = "libc++";
				CLANG_ENABLE_MODULES = YES;
				CLANG_ENABLE_OBJC_ARC = YES;
				CLANG_ENABLE_OBJC_WEAK = YES;
				CLANG_WARN_BLOCK_CAPTURE_AUTORELEASING = YES;
				CLANG_WARN_BOOL_CONVERSION = YES;
				CLANG_WARN_COMMA = YES;
				CLANG_WARN_CONSTANT_CONVERSION = YES;
				CLANG_WARN_DEPRECATED_OBJC_IMPLEMENTATIONS = YES;
				CLANG_WARN_DIRECT_OBJC_ISA_USAGE = YES_ERROR;
				CLANG_WARN_DOCUMENTATION_COMMENTS = YES;
				CLANG_WARN_EMPTY_BODY = YES;
				CLANG_WARN_ENUM_CONVERSION = YES;
				CLANG_WARN_INFINITE_RECURSION = YES;
				CLANG_WARN_INT_CONVERSION = YES;
				CLANG_WARN_NON_LITERAL_NULL_CONVERSION = YES;
				CLANG_WARN_OBJC_IMPLICIT_RETAIN_SELF = YES;
				CLANG_WARN_OBJC_LITERAL_CONVERSION = YES;
				CLANG_WARN_OBJC_ROOT_CLASS = YES_ERROR;
				CLANG_WARN_RANGE_LOOP_ANALYSIS = YES;
				CLANG_WARN_STRICT_PROTOTYPES = YES;
				CLANG_WARN_SUSPICIOUS_MOVE = YES;
				CLANG_WARN_UNGUARDED_AVAILABILITY = YES_AGGRESSIVE;
				CLANG_WARN_UNREACHABLE_CODE = YES;
				CLANG_WARN__DUPLICATE_METHOD_MATCH = YES;
				COPY_PHASE_STRIP = NO;
				DEBUG_INFORMATION_FORMAT = dwarf;
				ENABLE_STRICT_OBJC_MSGSEND = YES;
				ENABLE_TESTABILITY = YES;
				GCC_C_LANGUAGE_STANDARD = gnu11;
				GCC_DYNAMIC_NO_PIC = NO;
				GCC_NO_COMMON_BLOCKS = YES;
				GCC_OPTIMIZATION_LEVEL = 0;
				GCC_PREPROCESSOR_DEFINITIONS = (
					"DEBUG=1",
					"$(inherited)",
				);
				GCC_WARN_64_TO_32_BIT_CONVERSION = YES;
				GCC_WARN_ABOUT_RETURN_TYPE = YES_ERROR;
				GCC_WARN_UNDECLARED_SELECTOR = YES;
				GCC_WARN_UNINITIALIZED_AUTOS = YES_AGGRESSIVE;
				GCC_WARN_UNUSED_FUNCTION = YES;
				GCC_WARN_UNUSED_VARIABLE = YES;
				IPHONEOS_DEPLOYMENT_TARGET = 13.4;
				MTL_ENABLE_DEBUG_INFO = INCLUDE_SOURCE;
				MTL_FAST_MATH = YES;
				ONLY_ACTIVE_ARCH = YES;
				SDKROOT = iphoneos;
				SWIFT_ACTIVE_COMPILATION_CONDITIONS = DEBUG;
				SWIFT_OPTIMIZATION_LEVEL = "-Onone";
			};
			name = Debug;
		};
		3F34C5B5246AEDFC000E59CF /* Release */ = {
			isa = XCBuildConfiguration;
			buildSettings = {
				ALWAYS_SEARCH_USER_PATHS = NO;
				CLANG_ANALYZER_NONNULL = YES;
				CLANG_ANALYZER_NUMBER_OBJECT_CONVERSION = YES_AGGRESSIVE;
				CLANG_CXX_LANGUAGE_STANDARD = "gnu++14";
				CLANG_CXX_LIBRARY = "libc++";
				CLANG_ENABLE_MODULES = YES;
				CLANG_ENABLE_OBJC_ARC = YES;
				CLANG_ENABLE_OBJC_WEAK = YES;
				CLANG_WARN_BLOCK_CAPTURE_AUTORELEASING = YES;
				CLANG_WARN_BOOL_CONVERSION = YES;
				CLANG_WARN_COMMA = YES;
				CLANG_WARN_CONSTANT_CONVERSION = YES;
				CLANG_WARN_DEPRECATED_OBJC_IMPLEMENTATIONS = YES;
				CLANG_WARN_DIRECT_OBJC_ISA_USAGE = YES_ERROR;
				CLANG_WARN_DOCUMENTATION_COMMENTS = YES;
				CLANG_WARN_EMPTY_BODY = YES;
				CLANG_WARN_ENUM_CONVERSION = YES;
				CLANG_WARN_INFINITE_RECURSION = YES;
				CLANG_WARN_INT_CONVERSION = YES;
				CLANG_WARN_NON_LITERAL_NULL_CONVERSION = YES;
				CLANG_WARN_OBJC_IMPLICIT_RETAIN_SELF = YES;
				CLANG_WARN_OBJC_LITERAL_CONVERSION = YES;
				CLANG_WARN_OBJC_ROOT_CLASS = YES_ERROR;
				CLANG_WARN_RANGE_LOOP_ANALYSIS = YES;
				CLANG_WARN_STRICT_PROTOTYPES = YES;
				CLANG_WARN_SUSPICIOUS_MOVE = YES;
				CLANG_WARN_UNGUARDED_AVAILABILITY = YES_AGGRESSIVE;
				CLANG_WARN_UNREACHABLE_CODE = YES;
				CLANG_WARN__DUPLICATE_METHOD_MATCH = YES;
				COPY_PHASE_STRIP = NO;
				DEBUG_INFORMATION_FORMAT = "dwarf-with-dsym";
				ENABLE_NS_ASSERTIONS = NO;
				ENABLE_STRICT_OBJC_MSGSEND = YES;
				GCC_C_LANGUAGE_STANDARD = gnu11;
				GCC_NO_COMMON_BLOCKS = YES;
				GCC_WARN_64_TO_32_BIT_CONVERSION = YES;
				GCC_WARN_ABOUT_RETURN_TYPE = YES_ERROR;
				GCC_WARN_UNDECLARED_SELECTOR = YES;
				GCC_WARN_UNINITIALIZED_AUTOS = YES_AGGRESSIVE;
				GCC_WARN_UNUSED_FUNCTION = YES;
				GCC_WARN_UNUSED_VARIABLE = YES;
				IPHONEOS_DEPLOYMENT_TARGET = 13.4;
				MTL_ENABLE_DEBUG_INFO = NO;
				MTL_FAST_MATH = YES;
				SDKROOT = iphoneos;
				SWIFT_COMPILATION_MODE = wholemodule;
				SWIFT_OPTIMIZATION_LEVEL = "-O";
				VALIDATE_PRODUCT = YES;
			};
			name = Release;
		};
		3F34C5B7246AEDFC000E59CF /* Debug */ = {
			isa = XCBuildConfiguration;
			baseConfigurationReference = 3E3F0BC4FDC32F50E8B413BA /* Pods-ICoffee.debug.xcconfig */;
			buildSettings = {
				ASSETCATALOG_COMPILER_APPICON_NAME = AppIcon;
				CODE_SIGN_STYLE = Automatic;
				DEVELOPMENT_TEAM = KBPKKZW488;
				INFOPLIST_FILE = ICoffee/Info.plist;
				LD_RUNPATH_SEARCH_PATHS = (
					"$(inherited)",
					"@executable_path/Frameworks",
				);
				PRODUCT_BUNDLE_IDENTIFIER = Mendelu.cz.ICoffee;
				PRODUCT_NAME = "$(TARGET_NAME)";
				SWIFT_VERSION = 5.0;
				TARGETED_DEVICE_FAMILY = "1,2";
			};
			name = Debug;
		};
		3F34C5B8246AEDFC000E59CF /* Release */ = {
			isa = XCBuildConfiguration;
			baseConfigurationReference = 2E129BDE78F692AAFFD23E1E /* Pods-ICoffee.release.xcconfig */;
			buildSettings = {
				ASSETCATALOG_COMPILER_APPICON_NAME = AppIcon;
				CODE_SIGN_STYLE = Automatic;
				DEVELOPMENT_TEAM = KBPKKZW488;
				INFOPLIST_FILE = ICoffee/Info.plist;
				LD_RUNPATH_SEARCH_PATHS = (
					"$(inherited)",
					"@executable_path/Frameworks",
				);
				PRODUCT_BUNDLE_IDENTIFIER = Mendelu.cz.ICoffee;
				PRODUCT_NAME = "$(TARGET_NAME)";
				SWIFT_VERSION = 5.0;
				TARGETED_DEVICE_FAMILY = "1,2";
			};
			name = Release;
		};
/* End XCBuildConfiguration section */

/* Begin XCConfigurationList section */
		3F34C59D246AEDFB000E59CF /* Build configuration list for PBXProject "ICoffee" */ = {
			isa = XCConfigurationList;
			buildConfigurations = (
				3F34C5B4246AEDFC000E59CF /* Debug */,
				3F34C5B5246AEDFC000E59CF /* Release */,
			);
			defaultConfigurationIsVisible = 0;
			defaultConfigurationName = Release;
		};
		3F34C5B6246AEDFC000E59CF /* Build configuration list for PBXNativeTarget "ICoffee" */ = {
			isa = XCConfigurationList;
			buildConfigurations = (
				3F34C5B7246AEDFC000E59CF /* Debug */,
				3F34C5B8246AEDFC000E59CF /* Release */,
			);
			defaultConfigurationIsVisible = 0;
			defaultConfigurationName = Release;
		};
/* End XCConfigurationList section */
	};
	rootObject = 3F34C59A246AEDFB000E59CF /* Project object */;
}
